
Microsoft Visual Studio Solution File, Format Version 12.00
# Visual Studio Version 16
VisualStudioVersion = 16.0.29613.14
MinimumVisualStudioVersion = 10.0.40219.1
Project("{FAE04EC0-301F-11D3-BF4B-00C04F79EFBC}") = "ClientChat_1.Android", "ClientChat_1\ClientChat_1.Android\ClientChat_1.Android.csproj", "{B660B023-F3AD-4F5C-9E58-22374DEEA0AE}"
EndProject
Project("{FAE04EC0-301F-11D3-BF4B-00C04F79EFBC}") = "ClientChat_1.iOS", "ClientChat_1\ClientChat_1.iOS\ClientChat_1.iOS.csproj", "{BE8777B4-EFB3-42D0-9BD5-142100DDE85A}"
EndProject
Project("{9A19103F-16F7-4668-BE54-9A1E7A4F7556}") = "ClientChat_1", "ClientChat_1\ClientChat_1\ClientChat_1.csproj", "{AD5D80CE-4630-4885-A3FE-C1ED0FE7C7AF}"
EndProject
Project("{FAE04EC0-301F-11D3-BF4B-00C04F79EFBC}") = "Tests", "Tests\Tests.csproj", "{38816AFD-432E-4429-AE8B-4F29BA3CCEE1}"
EndProject
Global
	GlobalSection(SolutionConfigurationPlatforms) = preSolution
		Debug|Any CPU = Debug|Any CPU
		Debug|iPhone = Debug|iPhone
		Debug|iPhoneSimulator = Debug|iPhoneSimulator
		Release|Any CPU = Release|Any CPU
		Release|iPhone = Release|iPhone
		Release|iPhoneSimulator = Release|iPhoneSimulator
	EndGlobalSection
	GlobalSection(ProjectConfigurationPlatforms) = postSolution
		{B660B023-F3AD-4F5C-9E58-22374DEEA0AE}.Debug|Any CPU.ActiveCfg = Debug|Any CPU
		{B660B023-F3AD-4F5C-9E58-22374DEEA0AE}.Debug|Any CPU.Build.0 = Debug|Any CPU
		{B660B023-F3AD-4F5C-9E58-22374DEEA0AE}.Debug|Any CPU.Deploy.0 = Debug|Any CPU
		{B660B023-F3AD-4F5C-9E58-22374DEEA0AE}.Debug|iPhone.ActiveCfg = Debug|Any CPU
		{B660B023-F3AD-4F5C-9E58-22374DEEA0AE}.Debug|iPhone.Build.0 = Debug|Any CPU
		{B660B023-F3AD-4F5C-9E58-22374DEEA0AE}.Debug|iPhone.Deploy.0 = Debug|Any CPU
		{B660B023-F3AD-4F5C-9E58-22374DEEA0AE}.Debug|iPhoneSimulator.ActiveCfg = Debug|Any CPU
		{B660B023-F3AD-4F5C-9E58-22374DEEA0AE}.Debug|iPhoneSimulator.Build.0 = Debug|Any CPU
		{B660B023-F3AD-4F5C-9E58-22374DEEA0AE}.Debug|iPhoneSimulator.Deploy.0 = Debug|Any CPU
		{B660B023-F3AD-4F5C-9E58-22374DEEA0AE}.Release|Any CPU.ActiveCfg = Release|Any CPU
		{B660B023-F3AD-4F5C-9E58-22374DEEA0AE}.Release|Any CPU.Build.0 = Release|Any CPU
		{B660B023-F3AD-4F5C-9E58-22374DEEA0AE}.Release|Any CPU.Deploy.0 = Release|Any CPU
		{B660B023-F3AD-4F5C-9E58-22374DEEA0AE}.Release|iPhone.ActiveCfg = Release|Any CPU
		{B660B023-F3AD-4F5C-9E58-22374DEEA0AE}.Release|iPhone.Build.0 = Release|Any CPU
		{B660B023-F3AD-4F5C-9E58-22374DEEA0AE}.Release|iPhone.Deploy.0 = Release|Any CPU
		{B660B023-F3AD-4F5C-9E58-22374DEEA0AE}.Release|iPhoneSimulator.ActiveCfg = Release|Any CPU
		{B660B023-F3AD-4F5C-9E58-22374DEEA0AE}.Release|iPhoneSimulator.Build.0 = Release|Any CPU
		{B660B023-F3AD-4F5C-9E58-22374DEEA0AE}.Release|iPhoneSimulator.Deploy.0 = Release|Any CPU
		{BE8777B4-EFB3-42D0-9BD5-142100DDE85A}.Debug|Any CPU.ActiveCfg = Debug|iPhoneSimulator
		{BE8777B4-EFB3-42D0-9BD5-142100DDE85A}.Debug|Any CPU.Build.0 = Debug|iPhoneSimulator
		{BE8777B4-EFB3-42D0-9BD5-142100DDE85A}.Debug|Any CPU.Deploy.0 = Debug|iPhoneSimulator
		{BE8777B4-EFB3-42D0-9BD5-142100DDE85A}.Debug|iPhone.ActiveCfg = Debug|iPhone
		{BE8777B4-EFB3-42D0-9BD5-142100DDE85A}.Debug|iPhone.Build.0 = Debug|iPhone
		{BE8777B4-EFB3-42D0-9BD5-142100DDE85A}.Debug|iPhone.Deploy.0 = Debug|iPhone
		{BE8777B4-EFB3-42D0-9BD5-142100DDE85A}.Debug|iPhoneSimulator.ActiveCfg = Debug|iPhoneSimulator
		{BE8777B4-EFB3-42D0-9BD5-142100DDE85A}.Debug|iPhoneSimulator.Build.0 = Debug|iPhoneSimulator
		{BE8777B4-EFB3-42D0-9BD5-142100DDE85A}.Debug|iPhoneSimulator.Deploy.0 = Debug|iPhoneSimulator
		{BE8777B4-EFB3-42D0-9BD5-142100DDE85A}.Release|Any CPU.ActiveCfg = Release|iPhone
		{BE8777B4-EFB3-42D0-9BD5-142100DDE85A}.Release|Any CPU.Build.0 = Release|iPhone
		{BE8777B4-EFB3-42D0-9BD5-142100DDE85A}.Release|Any CPU.Deploy.0 = Release|iPhone
		{BE8777B4-EFB3-42D0-9BD5-142100DDE85A}.Release|iPhone.ActiveCfg = Release|iPhone
		{BE8777B4-EFB3-42D0-9BD5-142100DDE85A}.Release|iPhone.Build.0 = Release|iPhone
		{BE8777B4-EFB3-42D0-9BD5-142100DDE85A}.Release|iPhone.Deploy.0 = Release|iPhone
		{BE8777B4-EFB3-42D0-9BD5-142100DDE85A}.Release|iPhoneSimulator.ActiveCfg = Release|iPhoneSimulator
		{BE8777B4-EFB3-42D0-9BD5-142100DDE85A}.Release|iPhoneSimulator.Build.0 = Release|iPhoneSimulator
		{BE8777B4-EFB3-42D0-9BD5-142100DDE85A}.Release|iPhoneSimulator.Deploy.0 = Release|iPhoneSimulator
		{AD5D80CE-4630-4885-A3FE-C1ED0FE7C7AF}.Debug|Any CPU.ActiveCfg = Debug|Any CPU
		{AD5D80CE-4630-4885-A3FE-C1ED0FE7C7AF}.Debug|Any CPU.Build.0 = Debug|Any CPU
		{AD5D80CE-4630-4885-A3FE-C1ED0FE7C7AF}.Debug|Any CPU.Deploy.0 = Debug|Any CPU
		{AD5D80CE-4630-4885-A3FE-C1ED0FE7C7AF}.Debug|iPhone.ActiveCfg = Debug|Any CPU
		{AD5D80CE-4630-4885-A3FE-C1ED0FE7C7AF}.Debug|iPhone.Build.0 = Debug|Any CPU
		{AD5D80CE-4630-4885-A3FE-C1ED0FE7C7AF}.Debug|iPhone.Deploy.0 = Debug|Any CPU
		{AD5D80CE-4630-4885-A3FE-C1ED0FE7C7AF}.Debug|iPhoneSimulator.ActiveCfg = Debug|Any CPU
		{AD5D80CE-4630-4885-A3FE-C1ED0FE7C7AF}.Debug|iPhoneSimulator.Build.0 = Debug|Any CPU
		{AD5D80CE-4630-4885-A3FE-C1ED0FE7C7AF}.Debug|iPhoneSimulator.Deploy.0 = Debug|Any CPU
		{AD5D80CE-4630-4885-A3FE-C1ED0FE7C7AF}.Release|Any CPU.ActiveCfg = Release|Any CPU
		{AD5D80CE-4630-4885-A3FE-C1ED0FE7C7AF}.Release|Any CPU.Build.0 = Release|Any CPU
		{AD5D80CE-4630-4885-A3FE-C1ED0FE7C7AF}.Release|Any CPU.Deploy.0 = Release|Any CPU
		{AD5D80CE-4630-4885-A3FE-C1ED0FE7C7AF}.Release|iPhone.ActiveCfg = Release|Any CPU
		{AD5D80CE-4630-4885-A3FE-C1ED0FE7C7AF}.Release|iPhone.Build.0 = Release|Any CPU
		{AD5D80CE-4630-4885-A3FE-C1ED0FE7C7AF}.Release|iPhone.Deploy.0 = Release|Any CPU
		{AD5D80CE-4630-4885-A3FE-C1ED0FE7C7AF}.Release|iPhoneSimulator.ActiveCfg = Release|Any CPU
		{AD5D80CE-4630-4885-A3FE-C1ED0FE7C7AF}.Release|iPhoneSimulator.Build.0 = Release|Any CPU
		{AD5D80CE-4630-4885-A3FE-C1ED0FE7C7AF}.Release|iPhoneSimulator.Deploy.0 = Release|Any CPU
		{38816AFD-432E-4429-AE8B-4F29BA3CCEE1}.Debug|Any CPU.ActiveCfg = Debug|Any CPU
		{38816AFD-432E-4429-AE8B-4F29BA3CCEE1}.Debug|Any CPU.Build.0 = Debug|Any CPU
		{38816AFD-432E-4429-AE8B-4F29BA3CCEE1}.Debug|iPhone.ActiveCfg = Debug|Any CPU
		{38816AFD-432E-4429-AE8B-4F29BA3CCEE1}.Debug|iPhone.Build.0 = Debug|Any CPU
		{38816AFD-432E-4429-AE8B-4F29BA3CCEE1}.Debug|iPhoneSimulator.ActiveCfg = Debug|Any CPU
		{38816AFD-432E-4429-AE8B-4F29BA3CCEE1}.Debug|iPhoneSimulator.Build.0 = Debug|Any CPU
		{38816AFD-432E-4429-AE8B-4F29BA3CCEE1}.Release|Any CPU.ActiveCfg = Release|Any CPU
		{38816AFD-432E-4429-AE8B-4F29BA3CCEE1}.Release|Any CPU.Build.0 = Release|Any CPU
		{38816AFD-432E-4429-AE8B-4F29BA3CCEE1}.Release|iPhone.ActiveCfg = Release|Any CPU
		{38816AFD-432E-4429-AE8B-4F29BA3CCEE1}.Release|iPhone.Build.0 = Release|Any CPU
		{38816AFD-432E-4429-AE8B-4F29BA3CCEE1}.Release|iPhoneSimulator.ActiveCfg = Release|Any CPU
		{38816AFD-432E-4429-AE8B-4F29BA3CCEE1}.Release|iPhoneSimulator.Build.0 = Release|Any CPU
	EndGlobalSection
	GlobalSection(SolutionProperties) = preSolution
		HideSolutionNode = FALSE
	EndGlobalSection
	GlobalSection(ExtensibilityGlobals) = postSolution
		SolutionGuid = {FECB5104-CBCB-439D-9124-458AC1D9D449}
	EndGlobalSection
EndGlobal
